
Microsoft Visual Studio Solution File, Format Version 12.00
# Visual Studio Version 16
VisualStudioVersion = 16.0.34407.143
MinimumVisualStudioVersion = 10.0.40219.1
Project("{FAE04EC0-301F-11D3-BF4B-00C04F79EFBC}") = "TaskTable", "TaskTable\TaskTable.csproj", "{7A0F67FE-3664-48FF-A13B-E2FF9578BF53}"
EndProject
Global
	GlobalSection(SolutionConfigurationPlatforms) = preSolution
		Debug|Any CPU = Debug|Any CPU
		Release|Any CPU = Release|Any CPU
	EndGlobalSection
	GlobalSection(ProjectConfigurationPlatforms) = postSolution
		{7A0F67FE-3664-48FF-A13B-E2FF9578BF53}.Debug|Any CPU.ActiveCfg = Debug|Any CPU
		{7A0F67FE-3664-48FF-A13B-E2FF9578BF53}.Debug|Any CPU.Build.0 = Debug|Any CPU
		{7A0F67FE-3664-48FF-A13B-E2FF9578BF53}.Release|Any CPU.ActiveCfg = Release|Any CPU
		{7A0F67FE-3664-48FF-A13B-E2FF9578BF53}.Release|Any CPU.Build.0 = Release|Any CPU
	EndGlobalSection
	GlobalSection(SolutionProperties) = preSolution
		HideSolutionNode = FALSE
	EndGlobalSection
	GlobalSection(ExtensibilityGlobals) = postSolution
		SolutionGuid = {5902D3D3-ED8A-4B69-8BB4-DC5E5C71BC8D}
	EndGlobalSection
EndGlobal
